
Microsoft Visual Studio Solution File, Format Version 12.00
# Visual Studio 2013
VisualStudioVersion = 12.0.31101.0
MinimumVisualStudioVersion = 10.0.40219.1
Project("{FAE04EC0-301F-11D3-BF4B-00C04F79EFBC}") = "demoCode", "demoCode\demoCode.csproj", "{79D25604-07DE-4075-9377-89834D72FC35}"
EndProject
Project("{FAE04EC0-301F-11D3-BF4B-00C04F79EFBC}") = "demoCode.Tests", "demoCode.Tests\demoCode.Tests.csproj", "{54BD6B26-F886-45AE-A14C-886D7B8B402B}"
EndProject
Project("{FAE04EC0-301F-11D3-BF4B-00C04F79EFBC}") = "DbModels", "DbModels\DbModels.csproj", "{C814C93D-2D00-4B2F-A768-D5D809A63FC1}"
EndProject
Project("{FAE04EC0-301F-11D3-BF4B-00C04F79EFBC}") = "WcfService1", "WcfService1\WcfService1.csproj", "{E2B6F482-84E2-4A9E-AD45-6162BDB04AFA}"
EndProject
Project("{FAE04EC0-301F-11D3-BF4B-00C04F79EFBC}") = "WebApplication1", "WebApplication1\WebApplication1.csproj", "{BA1F72CA-3EE6-40A1-B89C-5733411DC47E}"
EndProject
Global
	GlobalSection(SolutionConfigurationPlatforms) = preSolution
		Debug|Any CPU = Debug|Any CPU
		Release|Any CPU = Release|Any CPU
	EndGlobalSection
	GlobalSection(ProjectConfigurationPlatforms) = postSolution
		{79D25604-07DE-4075-9377-89834D72FC35}.Debug|Any CPU.ActiveCfg = Debug|Any CPU
		{79D25604-07DE-4075-9377-89834D72FC35}.Debug|Any CPU.Build.0 = Debug|Any CPU
		{79D25604-07DE-4075-9377-89834D72FC35}.Release|Any CPU.ActiveCfg = Release|Any CPU
		{79D25604-07DE-4075-9377-89834D72FC35}.Release|Any CPU.Build.0 = Release|Any CPU
		{54BD6B26-F886-45AE-A14C-886D7B8B402B}.Debug|Any CPU.ActiveCfg = Debug|Any CPU
		{54BD6B26-F886-45AE-A14C-886D7B8B402B}.Debug|Any CPU.Build.0 = Debug|Any CPU
		{54BD6B26-F886-45AE-A14C-886D7B8B402B}.Release|Any CPU.ActiveCfg = Release|Any CPU
		{54BD6B26-F886-45AE-A14C-886D7B8B402B}.Release|Any CPU.Build.0 = Release|Any CPU
		{C814C93D-2D00-4B2F-A768-D5D809A63FC1}.Debug|Any CPU.ActiveCfg = Debug|Any CPU
		{C814C93D-2D00-4B2F-A768-D5D809A63FC1}.Debug|Any CPU.Build.0 = Debug|Any CPU
		{C814C93D-2D00-4B2F-A768-D5D809A63FC1}.Release|Any CPU.ActiveCfg = Release|Any CPU
		{C814C93D-2D00-4B2F-A768-D5D809A63FC1}.Release|Any CPU.Build.0 = Release|Any CPU
		{E2B6F482-84E2-4A9E-AD45-6162BDB04AFA}.Debug|Any CPU.ActiveCfg = Debug|Any CPU
		{E2B6F482-84E2-4A9E-AD45-6162BDB04AFA}.Debug|Any CPU.Build.0 = Debug|Any CPU
		{E2B6F482-84E2-4A9E-AD45-6162BDB04AFA}.Release|Any CPU.ActiveCfg = Release|Any CPU
		{E2B6F482-84E2-4A9E-AD45-6162BDB04AFA}.Release|Any CPU.Build.0 = Release|Any CPU
		{BA1F72CA-3EE6-40A1-B89C-5733411DC47E}.Debug|Any CPU.ActiveCfg = Debug|Any CPU
		{BA1F72CA-3EE6-40A1-B89C-5733411DC47E}.Debug|Any CPU.Build.0 = Debug|Any CPU
		{BA1F72CA-3EE6-40A1-B89C-5733411DC47E}.Release|Any CPU.ActiveCfg = Release|Any CPU
		{BA1F72CA-3EE6-40A1-B89C-5733411DC47E}.Release|Any CPU.Build.0 = Release|Any CPU
	EndGlobalSection
	GlobalSection(SolutionProperties) = preSolution
		HideSolutionNode = FALSE
	EndGlobalSection
EndGlobal
